
Microsoft Visual Studio Solution File, Format Version 12.00
# Visual Studio 15
VisualStudioVersion = 15.0.27428.2015
MinimumVisualStudioVersion = 10.0.40219.1
Project("{8BC9CEB8-8B4A-11D0-8D11-00A0C91BC942}") = "HackMetin2", "HackMetin2\HackMetin2.vcxproj", "{7580B904-11F4-4196-B3D0-888072541CEE}"
EndProject
Global
	GlobalSection(SolutionConfigurationPlatforms) = preSolution
		Debug|x64 = Debug|x64
		Debug|x86 = Debug|x86
		Release|x64 = Release|x64
		Release|x86 = Release|x86
	EndGlobalSection
	GlobalSection(ProjectConfigurationPlatforms) = postSolution
		{7580B904-11F4-4196-B3D0-888072541CEE}.Debug|x64.ActiveCfg = Debug|x64
		{7580B904-11F4-4196-B3D0-888072541CEE}.Debug|x64.Build.0 = Debug|x64
		{7580B904-11F4-4196-B3D0-888072541CEE}.Debug|x86.ActiveCfg = Debug|Win32
		{7580B904-11F4-4196-B3D0-888072541CEE}.Debug|x86.Build.0 = Debug|Win32
		{7580B904-11F4-4196-B3D0-888072541CEE}.Release|x64.ActiveCfg = Release|x64
		{7580B904-11F4-4196-B3D0-888072541CEE}.Release|x64.Build.0 = Release|x64
		{7580B904-11F4-4196-B3D0-888072541CEE}.Release|x86.ActiveCfg = Release|Win32
		{7580B904-11F4-4196-B3D0-888072541CEE}.Release|x86.Build.0 = Release|Win32
	EndGlobalSection
	GlobalSection(SolutionProperties) = preSolution
		HideSolutionNode = FALSE
	EndGlobalSection
	GlobalSection(ExtensibilityGlobals) = postSolution
		SolutionGuid = {F072B3A7-36D6-440A-85DE-95B97D9E6F53}
	EndGlobalSection
EndGlobal
